
Microsoft Visual Studio Solution File, Format Version 12.00
# Visual Studio Version 17
VisualStudioVersion = 17.3.32922.545
MinimumVisualStudioVersion = 10.0.40219.1
Project("{FAE04EC0-301F-11D3-BF4B-00C04F79EFBC}") = "RazorPagesMovie", "RazorPagesMovie\RazorPagesMovie.csproj", "{0053FF8A-29B8-431D-A5A3-EF24D5EEA363}"
EndProject
Global
	GlobalSection(SolutionConfigurationPlatforms) = preSolution
		Debug|Any CPU = Debug|Any CPU
		Release|Any CPU = Release|Any CPU
	EndGlobalSection
	GlobalSection(ProjectConfigurationPlatforms) = postSolution
		{0053FF8A-29B8-431D-A5A3-EF24D5EEA363}.Debug|Any CPU.ActiveCfg = Debug|Any CPU
		{0053FF8A-29B8-431D-A5A3-EF24D5EEA363}.Debug|Any CPU.Build.0 = Debug|Any CPU
		{0053FF8A-29B8-431D-A5A3-EF24D5EEA363}.Release|Any CPU.ActiveCfg = Release|Any CPU
		{0053FF8A-29B8-431D-A5A3-EF24D5EEA363}.Release|Any CPU.Build.0 = Release|Any CPU
	EndGlobalSection
	GlobalSection(SolutionProperties) = preSolution
		HideSolutionNode = FALSE
	EndGlobalSection
	GlobalSection(ExtensibilityGlobals) = postSolution
		SolutionGuid = {E9687921-B490-4883-BBCE-C0E9C592968D}
	EndGlobalSection
EndGlobal
